
Microsoft Visual Studio Solution File, Format Version 12.00
# Visual Studio Version 17
VisualStudioVersion = 17.1.32210.238
MinimumVisualStudioVersion = 10.0.40219.1
Project("{9A19103F-16F7-4668-BE54-9A1E7A4F7556}") = "GamesCollection.Domain", "GamesCollection.Domain\GamesCollection.Domain.csproj", "{2C2591EA-0194-493B-AD6F-C3AFB0425FD5}"
EndProject
Project("{FAE04EC0-301F-11D3-BF4B-00C04F79EFBC}") = "GamesCollection.Tests", "GamesCollection.Tests\GamesCollection.Tests.csproj", "{E1EDA928-5C5F-40EB-9DEE-633888FF1997}"
EndProject
Global
	GlobalSection(SolutionConfigurationPlatforms) = preSolution
		Debug|Any CPU = Debug|Any CPU
		Release|Any CPU = Release|Any CPU
	EndGlobalSection
	GlobalSection(ProjectConfigurationPlatforms) = postSolution
		{2C2591EA-0194-493B-AD6F-C3AFB0425FD5}.Debug|Any CPU.ActiveCfg = Debug|Any CPU
		{2C2591EA-0194-493B-AD6F-C3AFB0425FD5}.Debug|Any CPU.Build.0 = Debug|Any CPU
		{2C2591EA-0194-493B-AD6F-C3AFB0425FD5}.Release|Any CPU.ActiveCfg = Release|Any CPU
		{2C2591EA-0194-493B-AD6F-C3AFB0425FD5}.Release|Any CPU.Build.0 = Release|Any CPU
		{E1EDA928-5C5F-40EB-9DEE-633888FF1997}.Debug|Any CPU.ActiveCfg = Debug|Any CPU
		{E1EDA928-5C5F-40EB-9DEE-633888FF1997}.Debug|Any CPU.Build.0 = Debug|Any CPU
		{E1EDA928-5C5F-40EB-9DEE-633888FF1997}.Release|Any CPU.ActiveCfg = Release|Any CPU
		{E1EDA928-5C5F-40EB-9DEE-633888FF1997}.Release|Any CPU.Build.0 = Release|Any CPU
	EndGlobalSection
	GlobalSection(SolutionProperties) = preSolution
		HideSolutionNode = FALSE
	EndGlobalSection
	GlobalSection(ExtensibilityGlobals) = postSolution
		SolutionGuid = {76ABBC87-E3F4-4CAE-B6C7-9224F933A810}
	EndGlobalSection
EndGlobal
